// !$*UTF8*$!
{
	archiveVersion = 1;
	classes = {
	};
	objectVersion = 46;
	objects = {

/* Begin PBXBuildFile section */
		2A6593E91E616015005044D6 /* AppDelegate.swift in Sources */ = {isa = PBXBuildFile; fileRef = 2A6593E81E616015005044D6 /* AppDelegate.swift */; };
		2A6593EB1E616015005044D6 /* ViewController.swift in Sources */ = {isa = PBXBuildFile; fileRef = 2A6593EA1E616015005044D6 /* ViewController.swift */; };
		2A6593EE1E616015005044D6 /* Main.storyboard in Resources */ = {isa = PBXBuildFile; fileRef = 2A6593EC1E616015005044D6 /* Main.storyboard */; };
		2A6593F11E616015005044D6 /* SoundRecorder.xcdatamodeld in Sources */ = {isa = PBXBuildFile; fileRef = 2A6593EF1E616015005044D6 /* SoundRecorder.xcdatamodeld */; };
		2A6593F31E616015005044D6 /* Assets.xcassets in Resources */ = {isa = PBXBuildFile; fileRef = 2A6593F21E616015005044D6 /* Assets.xcassets */; };
		2A6593F61E616015005044D6 /* LaunchScreen.storyboard in Resources */ = {isa = PBXBuildFile; fileRef = 2A6593F41E616015005044D6 /* LaunchScreen.storyboard */; };
		2A6594011E616015005044D6 /* SoundRecorderTests.swift in Sources */ = {isa = PBXBuildFile; fileRef = 2A6594001E616015005044D6 /* SoundRecorderTests.swift */; };
		2A65940C1E616015005044D6 /* SoundRecorderUITests.swift in Sources */ = {isa = PBXBuildFile; fileRef = 2A65940B1E616015005044D6 /* SoundRecorderUITests.swift */; };
/* End PBXBuildFile section */

/* Begin PBXContainerItemProxy section */
		2A6593FD1E616015005044D6 /* PBXContainerItemProxy */ = {
			isa = PBXContainerItemProxy;
			containerPortal = 2A6593DD1E616015005044D6 /* Project object */;
			proxyType = 1;
			remoteGlobalIDString = 2A6593E41E616015005044D6;
			remoteInfo = SoundRecorder;
		};
		2A6594081E616015005044D6 /* PBXContainerItemProxy */ = {
			isa = PBXContainerItemProxy;
			containerPortal = 2A6593DD1E616015005044D6 /* Project object */;
			proxyType = 1;
			remoteGlobalIDString = 2A6593E41E616015005044D6;
			remoteInfo = SoundRecorder;
		};
/* End PBXContainerItemProxy section */

/* Begin PBXFileReference section */
		2A6593E51E616015005044D6 /* SoundRecorder.app */ = {isa = PBXFileReference; explicitFileType = wrapper.application; includeInIndex = 0; path = SoundRecorder.app; sourceTree = BUILT_PRODUCTS_DIR; };
		2A6593E81E616015005044D6 /* AppDelegate.swift */ = {isa = PBXFileReference; lastKnownFileType = sourcecode.swift; path = AppDelegate.swift; sourceTree = "<group>"; };
		2A6593EA1E616015005044D6 /* ViewController.swift */ = {isa = PBXFileReference; lastKnownFileType = sourcecode.swift; path = ViewController.swift; sourceTree = "<group>"; };
		2A6593ED1E616015005044D6 /* Base */ = {isa = PBXFileReference; lastKnownFileType = file.storyboard; name = Base; path = Base.lproj/Main.storyboard; sourceTree = "<group>"; };
		2A6593F01E616015005044D6 /* SoundRecorder.xcdatamodel */ = {isa = PBXFileReference; lastKnownFileType = wrapper.xcdatamodel; path = SoundRecorder.xcdatamodel; sourceTree = "<group>"; };
		2A6593F21E616015005044D6 /* Assets.xcassets */ = {isa = PBXFileReference; lastKnownFileType = folder.assetcatalog; path = Assets.xcassets; sourceTree = "<group>"; };
		2A6593F51E616015005044D6 /* Base */ = {isa = PBXFileReference; lastKnownFileType = file.storyboard; name = Base; path = Base.lproj/LaunchScreen.storyboard; sourceTree = "<group>"; };
		2A6593F71E616015005044D6 /* Info.plist */ = {isa = PBXFileReference; lastKnownFileType = text.plist.xml; path = Info.plist; sourceTree = "<group>"; };
		2A6593FC1E616015005044D6 /* SoundRecorderTests.xctest */ = {isa = PBXFileReference; explicitFileType = wrapper.cfbundle; includeInIndex = 0; path = SoundRecorderTests.xctest; sourceTree = BUILT_PRODUCTS_DIR; };
		2A6594001E616015005044D6 /* SoundRecorderTests.swift */ = {isa = PBXFileReference; lastKnownFileType = sourcecode.swift; path = SoundRecorderTests.swift; sourceTree = "<group>"; };
		2A6594021E616015005044D6 /* Info.plist */ = {isa = PBXFileReference; lastKnownFileType = text.plist.xml; path = Info.plist; sourceTree = "<group>"; };
		2A6594071E616015005044D6 /* SoundRecorderUITests.xctest */ = {isa = PBXFileReference; explicitFileType = wrapper.cfbundle; includeInIndex = 0; path = SoundRecorderUITests.xctest; sourceTree = BUILT_PRODUCTS_DIR; };
		2A65940B1E616015005044D6 /* SoundRecorderUITests.swift */ = {isa = PBXFileReference; lastKnownFileType = sourcecode.swift; path = SoundRecorderUITests.swift; sourceTree = "<group>"; };
		2A65940D1E616015005044D6 /* Info.plist */ = {isa = PBXFileReference; lastKnownFileType = text.plist.xml; path = Info.plist; sourceTree = "<group>"; };
/* End PBXFileReference section */

/* Begin PBXFrameworksBuildPhase section */
		2A6593E21E616015005044D6 /* Frameworks */ = {
			isa = PBXFrameworksBuildPhase;
			buildActionMask = 2147483647;
			files = (
			);
			runOnlyForDeploymentPostprocessing = 0;
		};
		2A6593F91E616015005044D6 /* Frameworks */ = {
			isa = PBXFrameworksBuildPhase;
			buildActionMask = 2147483647;
			files = (
			);
			runOnlyForDeploymentPostprocessing = 0;
		};
		2A6594041E616015005044D6 /* Frameworks */ = {
			isa = PBXFrameworksBuildPhase;
			buildActionMask = 2147483647;
			files = (
			);
			runOnlyForDeploymentPostprocessing = 0;
		};
/* End PBXFrameworksBuildPhase section */

/* Begin PBXGroup section */
		2A6593DC1E616015005044D6 = {
			isa = PBXGroup;
			children = (
				2A6593E71E616015005044D6 /* SoundRecorder */,
				2A6593FF1E616015005044D6 /* SoundRecorderTests */,
				2A65940A1E616015005044D6 /* SoundRecorderUITests */,
				2A6593E61E616015005044D6 /* Products */,
			);
			sourceTree = "<group>";
		};
		2A6593E61E616015005044D6 /* Products */ = {
			isa = PBXGroup;
			children = (
				2A6593E51E616015005044D6 /* SoundRecorder.app */,
				2A6593FC1E616015005044D6 /* SoundRecorderTests.xctest */,
				2A6594071E616015005044D6 /* SoundRecorderUITests.xctest */,
			);
			name = Products;
			sourceTree = "<group>";
		};
		2A6593E71E616015005044D6 /* SoundRecorder */ = {
			isa = PBXGroup;
			children = (
				2A6593E81E616015005044D6 /* AppDelegate.swift */,
				2A6593EA1E616015005044D6 /* ViewController.swift */,
				2A6593EC1E616015005044D6 /* Main.storyboard */,
				2A6593F21E616015005044D6 /* Assets.xcassets */,
				2A6593F41E616015005044D6 /* LaunchScreen.storyboard */,
				2A6593F71E616015005044D6 /* Info.plist */,
				2A6593EF1E616015005044D6 /* SoundRecorder.xcdatamodeld */,
			);
			path = SoundRecorder;
			sourceTree = "<group>";
		};
		2A6593FF1E616015005044D6 /* SoundRecorderTests */ = {
			isa = PBXGroup;
			children = (
				2A6594001E616015005044D6 /* SoundRecorderTests.swift */,
				2A6594021E616015005044D6 /* Info.plist */,
			);
			path = SoundRecorderTests;
			sourceTree = "<group>";
		};
		2A65940A1E616015005044D6 /* SoundRecorderUITests */ = {
			isa = PBXGroup;
			children = (
				2A65940B1E616015005044D6 /* SoundRecorderUITests.swift */,
				2A65940D1E616015005044D6 /* Info.plist */,
			);
			path = SoundRecorderUITests;
			sourceTree = "<group>";
		};
/* End PBXGroup section */

/* Begin PBXNativeTarget section */
		2A6593E41E616015005044D6 /* SoundRecorder */ = {
			isa = PBXNativeTarget;
			buildConfigurationList = 2A6594101E616015005044D6 /* Build configuration list for PBXNativeTarget "SoundRecorder" */;
			buildPhases = (
				2A6593E11E616015005044D6 /* Sources */,
				2A6593E21E616015005044D6 /* Frameworks */,
				2A6593E31E616015005044D6 /* Resources */,
			);
			buildRules = (
			);
			dependencies = (
			);
			name = SoundRecorder;
			productName = SoundRecorder;
			productReference = 2A6593E51E616015005044D6 /* SoundRecorder.app */;
			productType = "com.apple.product-type.application";
		};
		2A6593FB1E616015005044D6 /* SoundRecorderTests */ = {
			isa = PBXNativeTarget;
			buildConfigurationList = 2A6594131E616015005044D6 /* Build configuration list for PBXNativeTarget "SoundRecorderTests" */;
			buildPhases = (
				2A6593F81E616015005044D6 /* Sources */,
				2A6593F91E616015005044D6 /* Frameworks */,
				2A6593FA1E616015005044D6 /* Resources */,
			);
			buildRules = (
			);
			dependencies = (
				2A6593FE1E616015005044D6 /* PBXTargetDependency */,
			);
			name = SoundRecorderTests;
			productName = SoundRecorderTests;
			productReference = 2A6593FC1E616015005044D6 /* SoundRecorderTests.xctest */;
			productType = "com.apple.product-type.bundle.unit-test";
		};
		2A6594061E616015005044D6 /* SoundRecorderUITests */ = {
			isa = PBXNativeTarget;
			buildConfigurationList = 2A6594161E616015005044D6 /* Build configuration list for PBXNativeTarget "SoundRecorderUITests" */;
			buildPhases = (
				2A6594031E616015005044D6 /* Sources */,
				2A6594041E616015005044D6 /* Frameworks */,
				2A6594051E616015005044D6 /* Resources */,
			);
			buildRules = (
			);
			dependencies = (
				2A6594091E616015005044D6 /* PBXTargetDependency */,
			);
			name = SoundRecorderUITests;
			productName = SoundRecorderUITests;
			productReference = 2A6594071E616015005044D6 /* SoundRecorderUITests.xctest */;
			productType = "com.apple.product-type.bundle.ui-testing";
		};
/* End PBXNativeTarget section */

/* Begin PBXProject section */
		2A6593DD1E616015005044D6 /* Project object */ = {
			isa = PBXProject;
			attributes = {
				LastSwiftUpdateCheck = 0820;
				LastUpgradeCheck = 0820;
				ORGANIZATIONNAME = "雷达";
				TargetAttributes = {
					2A6593E41E616015005044D6 = {
						CreatedOnToolsVersion = 8.2.1;
						ProvisioningStyle = Automatic;
					};
					2A6593FB1E616015005044D6 = {
						CreatedOnToolsVersion = 8.2.1;
						ProvisioningStyle = Automatic;
						TestTargetID = 2A6593E41E616015005044D6;
					};
					2A6594061E616015005044D6 = {
						CreatedOnToolsVersion = 8.2.1;
						ProvisioningStyle = Automatic;
						TestTargetID = 2A6593E41E616015005044D6;
					};
				};
			};
			buildConfigurationList = 2A6593E01E616015005044D6 /* Build configuration list for PBXProject "SoundRecorder" */;
			compatibilityVersion = "Xcode 3.2";
			developmentRegion = English;
			hasScannedForEncodings = 0;
			knownRegions = (
				en,
				Base,
			);
			mainGroup = 2A6593DC1E616015005044D6;
			productRefGroup = 2A6593E61E616015005044D6 /* Products */;
			projectDirPath = "";
			projectRoot = "";
			targets = (
				2A6593E41E616015005044D6 /* SoundRecorder */,
				2A6593FB1E616015005044D6 /* SoundRecorderTests */,
				2A6594061E616015005044D6 /* SoundRecorderUITests */,
			);
		};
/* End PBXProject section */

/* Begin PBXResourcesBuildPhase section */
		2A6593E31E616015005044D6 /* Resources */ = {
			isa = PBXResourcesBuildPhase;
			buildActionMask = 2147483647;
			files = (
				2A6593F61E616015005044D6 /* LaunchScreen.storyboard in Resources */,
				2A6593F31E616015005044D6 /* Assets.xcassets in Resources */,
				2A6593EE1E616015005044D6 /* Main.storyboard in Resources */,
			);
			runOnlyForDeploymentPostprocessing = 0;
		};
		2A6593FA1E616015005044D6 /* Resources */ = {
			isa = PBXResourcesBuildPhase;
			buildActionMask = 2147483647;
			files = (
			);
			runOnlyForDeploymentPostprocessing = 0;
		};
		2A6594051E616015005044D6 /* Resources */ = {
			isa = PBXResourcesBuildPhase;
			buildActionMask = 2147483647;
			files = (
			);
			runOnlyForDeploymentPostprocessing = 0;
		};
/* End PBXResourcesBuildPhase section */

/* Begin PBXSourcesBuildPhase section */
		2A6593E11E616015005044D6 /* Sources */ = {
			isa = PBXSourcesBuildPhase;
			buildActionMask = 2147483647;
			files = (
				2A6593F11E616015005044D6 /* SoundRecorder.xcdatamodeld in Sources */,
				2A6593EB1E616015005044D6 /* ViewController.swift in Sources */,
				2A6593E91E616015005044D6 /* AppDelegate.swift in Sources */,
			);
			runOnlyForDeploymentPostprocessing = 0;
		};
		2A6593F81E616015005044D6 /* Sources */ = {
			isa = PBXSourcesBuildPhase;
			buildActionMask = 2147483647;
			files = (
				2A6594011E616015005044D6 /* SoundRecorderTests.swift in Sources */,
			);
			runOnlyForDeploymentPostprocessing = 0;
		};
		2A6594031E616015005044D6 /* Sources */ = {
			isa = PBXSourcesBuildPhase;
			buildActionMask = 2147483647;
			files = (
				2A65940C1E616015005044D6 /* SoundRecorderUITests.swift in Sources */,
			);
			runOnlyForDeploymentPostprocessing = 0;
		};
/* End PBXSourcesBuildPhase section */

/* Begin PBXTargetDependency section */
		2A6593FE1E616015005044D6 /* PBXTargetDependency */ = {
			isa = PBXTargetDependency;
			target = 2A6593E41E616015005044D6 /* SoundRecorder */;
			targetProxy = 2A6593FD1E616015005044D6 /* PBXContainerItemProxy */;
		};
		2A6594091E616015005044D6 /* PBXTargetDependency */ = {
			isa = PBXTargetDependency;
			target = 2A6593E41E616015005044D6 /* SoundRecorder */;
			targetProxy = 2A6594081E616015005044D6 /* PBXContainerItemProxy */;
		};
/* End PBXTargetDependency section */

/* Begin PBXVariantGroup section */
		2A6593EC1E616015005044D6 /* Main.storyboard */ = {
			isa = PBXVariantGroup;
			children = (
				2A6593ED1E616015005044D6 /* Base */,
			);
			name = Main.storyboard;
			sourceTree = "<group>";
		};
		2A6593F41E616015005044D6 /* LaunchScreen.storyboard */ = {
			isa = PBXVariantGroup;
			children = (
				2A6593F51E616015005044D6 /* Base */,
			);
			name = LaunchScreen.storyboard;
			sourceTree = "<group>";
		};
/* End PBXVariantGroup section */

/* Begin XCBuildConfiguration section */
		2A65940E1E616015005044D6 /* Debug */ = {
			isa = XCBuildConfiguration;
			buildSettings = {
				ALWAYS_SEARCH_USER_PATHS = NO;
				CLANG_ANALYZER_NONNULL = YES;
				CLANG_CXX_LANGUAGE_STANDARD = "gnu++0x";
				CLANG_CXX_LIBRARY = "libc++";
				CLANG_ENABLE_MODULES = YES;
				CLANG_ENABLE_OBJC_ARC = YES;
				CLANG_WARN_BOOL_CONVERSION = YES;
				CLANG_WARN_CONSTANT_CONVERSION = YES;
				CLANG_WARN_DIRECT_OBJC_ISA_USAGE = YES_ERROR;
				CLANG_WARN_DOCUMENTATION_COMMENTS = YES;
				CLANG_WARN_EMPTY_BODY = YES;
				CLANG_WARN_ENUM_CONVERSION = YES;
				CLANG_WARN_INFINITE_RECURSION = YES;
				CLANG_WARN_INT_CONVERSION = YES;
				CLANG_WARN_OBJC_ROOT_CLASS = YES_ERROR;
				CLANG_WARN_SUSPICIOUS_MOVE = YES;
				CLANG_WARN_UNREACHABLE_CODE = YES;
				CLANG_WARN__DUPLICATE_METHOD_MATCH = YES;
				"CODE_SIGN_IDENTITY[sdk=iphoneos*]" = "iPhone Developer";
				COPY_PHASE_STRIP = NO;
				DEBUG_INFORMATION_FORMAT = dwarf;
				ENABLE_STRICT_OBJC_MSGSEND = YES;
				ENABLE_TESTABILITY = YES;
				GCC_C_LANGUAGE_STANDARD = gnu99;
				GCC_DYNAMIC_NO_PIC = NO;
				GCC_NO_COMMON_BLOCKS = YES;
				GCC_OPTIMIZATION_LEVEL = 0;
				GCC_PREPROCESSOR_DEFINITIONS = (
					"DEBUG=1",
					"$(inherited)",
				);
				GCC_WARN_64_TO_32_BIT_CONVERSION = YES;
				GCC_WARN_ABOUT_RETURN_TYPE = YES_ERROR;
				GCC_WARN_UNDECLARED_SELECTOR = YES;
				GCC_WARN_UNINITIALIZED_AUTOS = YES_AGGRESSIVE;
				GCC_WARN_UNUSED_FUNCTION = YES;
				GCC_WARN_UNUSED_VARIABLE = YES;
				IPHONEOS_DEPLOYMENT_TARGET = 10.2;
				MTL_ENABLE_DEBUG_INFO = YES;
				ONLY_ACTIVE_ARCH = YES;
				SDKROOT = iphoneos;
				SWIFT_ACTIVE_COMPILATION_CONDITIONS = DEBUG;
				SWIFT_OPTIMIZATION_LEVEL = "-Onone";
			};
			name = Debug;
		};
		2A65940F1E616015005044D6 /* Release */ = {
			isa = XCBuildConfiguration;
			buildSettings = {
				ALWAYS_SEARCH_USER_PATHS = NO;
				CLANG_ANALYZER_NONNULL = YES;
				CLANG_CXX_LANGUAGE_STANDARD = "gnu++0x";
				CLANG_CXX_LIBRARY = "libc++";
				CLANG_ENABLE_MODULES = YES;
				CLANG_ENABLE_OBJC_ARC = YES;
				CLANG_WARN_BOOL_CONVERSION = YES;
				CLANG_WARN_CONSTANT_CONVERSION = YES;
				CLANG_WARN_DIRECT_OBJC_ISA_USAGE = YES_ERROR;
				CLANG_WARN_DOCUMENTATION_COMMENTS = YES;
				CLANG_WARN_EMPTY_BODY = YES;
				CLANG_WARN_ENUM_CONVERSION = YES;
				CLANG_WARN_INFINITE_RECURSION = YES;
				CLANG_WARN_INT_CONVERSION = YES;
				CLANG_WARN_OBJC_ROOT_CLASS = YES_ERROR;
				CLANG_WARN_SUSPICIOUS_MOVE = YES;
				CLANG_WARN_UNREACHABLE_CODE = YES;
				CLANG_WARN__DUPLICATE_METHOD_MATCH = YES;
				"CODE_SIGN_IDENTITY[sdk=iphoneos*]" = "iPhone Developer";
				COPY_PHASE_STRIP = NO;
				DEBUG_INFORMATION_FORMAT = "dwarf-with-dsym";
				ENABLE_NS_ASSERTIONS = NO;
				ENABLE_STRICT_OBJC_MSGSEND = YES;
				GCC_C_LANGUAGE_STANDARD = gnu99;
				GCC_NO_COMMON_BLOCKS = YES;
				GCC_WARN_64_TO_32_BIT_CONVERSION = YES;
				GCC_WARN_ABOUT_RETURN_TYPE = YES_ERROR;
				GCC_WARN_UNDECLARED_SELECTOR = YES;
				GCC_WARN_UNINITIALIZED_AUTOS = YES_AGGRESSIVE;
				GCC_WARN_UNUSED_FUNCTION = YES;
				GCC_WARN_UNUSED_VARIABLE = YES;
				IPHONEOS_DEPLOYMENT_TARGET = 10.2;
				MTL_ENABLE_DEBUG_INFO = NO;
				SDKROOT = iphoneos;
				SWIFT_OPTIMIZATION_LEVEL = "-Owholemodule";
				VALIDATE_PRODUCT = YES;
			};
			name = Release;
		};
		2A6594111E616015005044D6 /* Debug */ = {
			isa = XCBuildConfiguration;
			buildSettings = {
				ASSETCATALOG_COMPILER_APPICON_NAME = AppIcon;
				INFOPLIST_FILE = SoundRecorder/Info.plist;
				LD_RUNPATH_SEARCH_PATHS = "$(inherited) @executable_path/Frameworks";
				PRODUCT_BUNDLE_IDENTIFIER = leida.SoundRecorder;
				PRODUCT_NAME = "$(TARGET_NAME)";
				SWIFT_VERSION = 3.0;
			};
			name = Debug;
		};
		2A6594121E616015005044D6 /* Release */ = {
			isa = XCBuildConfiguration;
			buildSettings = {
				ASSETCATALOG_COMPILER_APPICON_NAME = AppIcon;
				INFOPLIST_FILE = SoundRecorder/Info.plist;
				LD_RUNPATH_SEARCH_PATHS = "$(inherited) @executable_path/Frameworks";
				PRODUCT_BUNDLE_IDENTIFIER = leida.SoundRecorder;
				PRODUCT_NAME = "$(TARGET_NAME)";
				SWIFT_VERSION = 3.0;
			};
			name = Release;
		};
		2A6594141E616015005044D6 /* Debug */ = {
			isa = XCBuildConfiguration;
			buildSettings = {
				ALWAYS_EMBED_SWIFT_STANDARD_LIBRARIES = YES;
				BUNDLE_LOADER = "$(TEST_HOST)";
				INFOPLIST_FILE = SoundRecorderTests/Info.plist;
				LD_RUNPATH_SEARCH_PATHS = "$(inherited) @executable_path/Frameworks @loader_path/Frameworks";
				PRODUCT_BUNDLE_IDENTIFIER = leida.SoundRecorderTests;
				PRODUCT_NAME = "$(TARGET_NAME)";
				SWIFT_VERSION = 3.0;
				TEST_HOST = "$(BUILT_PRODUCTS_DIR)/SoundRecorder.app/SoundRecorder";
			};
			name = Debug;
		};
		2A6594151E616015005044D6 /* Release */ = {
			isa = XCBuildConfiguration;
			buildSettings = {
				ALWAYS_EMBED_SWIFT_STANDARD_LIBRARIES = YES;
				BUNDLE_LOADER = "$(TEST_HOST)";
				INFOPLIST_FILE = SoundRecorderTests/Info.plist;
				LD_RUNPATH_SEARCH_PATHS = "$(inherited) @executable_path/Frameworks @loader_path/Frameworks";
				PRODUCT_BUNDLE_IDENTIFIER = leida.SoundRecorderTests;
				PRODUCT_NAME = "$(TARGET_NAME)";
				SWIFT_VERSION = 3.0;
				TEST_HOST = "$(BUILT_PRODUCTS_DIR)/SoundRecorder.app/SoundRecorder";
			};
			name = Release;
		};
		2A6594171E616015005044D6 /* Debug */ = {
			isa = XCBuildConfiguration;
			buildSettings = {
				ALWAYS_EMBED_SWIFT_STANDARD_LIBRARIES = YES;
				INFOPLIST_FILE = SoundRecorderUITests/Info.plist;
				LD_RUNPATH_SEARCH_PATHS = "$(inherited) @executable_path/Frameworks @loader_path/Frameworks";
				PRODUCT_BUNDLE_IDENTIFIER = leida.SoundRecorderUITests;
				PRODUCT_NAME = "$(TARGET_NAME)";
				SWIFT_VERSION = 3.0;
				TEST_TARGET_NAME = SoundRecorder;
			};
			name = Debug;
		};
		2A6594181E616015005044D6 /* Release */ = {
			isa = XCBuildConfiguration;
			buildSettings = {
				ALWAYS_EMBED_SWIFT_STANDARD_LIBRARIES = YES;
				INFOPLIST_FILE = SoundRecorderUITests/Info.plist;
				LD_RUNPATH_SEARCH_PATHS = "$(inherited) @executable_path/Frameworks @loader_path/Frameworks";
				PRODUCT_BUNDLE_IDENTIFIER = leida.SoundRecorderUITests;
				PRODUCT_NAME = "$(TARGET_NAME)";
				SWIFT_VERSION = 3.0;
				TEST_TARGET_NAME = SoundRecorder;
			};
			name = Release;
		};
/* End XCBuildConfiguration section */

/* Begin XCConfigurationList section */
		2A6593E01E616015005044D6 /* Build configuration list for PBXProject "SoundRecorder" */ = {
			isa = XCConfigurationList;
			buildConfigurations = (
				2A65940E1E616015005044D6 /* Debug */,
				2A65940F1E616015005044D6 /* Release */,
			);
			defaultConfigurationIsVisible = 0;
			defaultConfigurationName = Release;
		};
		2A6594101E616015005044D6 /* Build configuration list for PBXNativeTarget "SoundRecorder" */ = {
			isa = XCConfigurationList;
			buildConfigurations = (
				2A6594111E616015005044D6 /* Debug */,
				2A6594121E616015005044D6 /* Release */,
			);
			defaultConfigurationIsVisible = 0;
		};
		2A6594131E616015005044D6 /* Build configuration list for PBXNativeTarget "SoundRecorderTests" */ = {
			isa = XCConfigurationList;
			buildConfigurations = (
				2A6594141E616015005044D6 /* Debug */,
				2A6594151E616015005044D6 /* Release */,
			);
			defaultConfigurationIsVisible = 0;
		};
		2A6594161E616015005044D6 /* Build configuration list for PBXNativeTarget "SoundRecorderUITests" */ = {
			isa = XCConfigurationList;
			buildConfigurations = (
				2A6594171E616015005044D6 /* Debug */,
				2A6594181E616015005044D6 /* Release */,
			);
			defaultConfigurationIsVisible = 0;
		};
/* End XCConfigurationList section */

/* Begin XCVersionGroup section */
		2A6593EF1E616015005044D6 /* SoundRecorder.xcdatamodeld */ = {
			isa = XCVersionGroup;
			children = (
				2A6593F01E616015005044D6 /* SoundRecorder.xcdatamodel */,
			);
			currentVersion = 2A6593F01E616015005044D6 /* SoundRecorder.xcdatamodel */;
			path = SoundRecorder.xcdatamodeld;
			sourceTree = "<group>";
			versionGroupType = wrapper.xcdatamodel;
		};
/* End XCVersionGroup section */
	};
	rootObject = 2A6593DD1E616015005044D6 /* Project object */;
}
